// !$*UTF8*$!
{
	archiveVersion = 1;
	classes = {
	};
	objectVersion = 51;
	objects = {

/* Begin PBXBuildFile section */
		675B47C82593DF83006B1888 /* AppDelegate.swift in Sources */ = {isa = PBXBuildFile; fileRef = 675B47C72593DF83006B1888 /* AppDelegate.swift */; };
		675B47CC2593DF83006B1888 /* OffresViewController.swift in Sources */ = {isa = PBXBuildFile; fileRef = 675B47CB2593DF83006B1888 /* OffresViewController.swift */; };
		675B47CF2593DF83006B1888 /* OffresViewController.storyboard in Resources */ = {isa = PBXBuildFile; fileRef = 675B47CD2593DF83006B1888 /* OffresViewController.storyboard */; };
		675B47D12593DF85006B1888 /* Assets.xcassets in Resources */ = {isa = PBXBuildFile; fileRef = 675B47D02593DF85006B1888 /* Assets.xcassets */; };
		675B47D42593DF85006B1888 /* LaunchScreen.storyboard in Resources */ = {isa = PBXBuildFile; fileRef = 675B47D22593DF85006B1888 /* LaunchScreen.storyboard */; };
		675B47DF2593DF85006B1888 /* luckyAppTests.swift in Sources */ = {isa = PBXBuildFile; fileRef = 675B47DE2593DF85006B1888 /* luckyAppTests.swift */; };
		675B47EA2593DF85006B1888 /* luckyAppUITests.swift in Sources */ = {isa = PBXBuildFile; fileRef = 675B47E92593DF85006B1888 /* luckyAppUITests.swift */; };
		675B48492593F45D006B1888 /* StoryboardBased.swift in Sources */ = {isa = PBXBuildFile; fileRef = 675B48482593F45D006B1888 /* StoryboardBased.swift */; };
		675B48632593FEAF006B1888 /* LuckyRouter.swift in Sources */ = {isa = PBXBuildFile; fileRef = 675B48622593FEAF006B1888 /* LuckyRouter.swift */; };
		675B486825940895006B1888 /* LuckyService.swift in Sources */ = {isa = PBXBuildFile; fileRef = 675B486725940895006B1888 /* LuckyService.swift */; };
		675B486D25940F06006B1888 /* Offres.swift in Sources */ = {isa = PBXBuildFile; fileRef = 675B486C25940F06006B1888 /* Offres.swift */; };
		675B48732594C404006B1888 /* OffresViewModel.swift in Sources */ = {isa = PBXBuildFile; fileRef = 675B48722594C404006B1888 /* OffresViewModel.swift */; };
		675B48CE25962614006B1888 /* OfferCellMetaData.swift in Sources */ = {isa = PBXBuildFile; fileRef = 675B48CD25962614006B1888 /* OfferCellMetaData.swift */; };
		675B48D7259627DD006B1888 /* AppColors.swift in Sources */ = {isa = PBXBuildFile; fileRef = 675B48D6259627DD006B1888 /* AppColors.swift */; };
		675B48DC25962EEB006B1888 /* AppImage.swift in Sources */ = {isa = PBXBuildFile; fileRef = 675B48DB25962EEB006B1888 /* AppImage.swift */; };
		675B48E4259631CA006B1888 /* AppText.swift in Sources */ = {isa = PBXBuildFile; fileRef = 675B48E3259631CA006B1888 /* AppText.swift */; };
		675B48EA25963271006B1888 /* String+LuckyApp.swift in Sources */ = {isa = PBXBuildFile; fileRef = 675B48E925963271006B1888 /* String+LuckyApp.swift */; };
		675B48F32596339C006B1888 /* Localizable.strings in Resources */ = {isa = PBXBuildFile; fileRef = 675B48F22596339C006B1888 /* Localizable.strings */; };
		675B48FE259636F8006B1888 /* OfferMetaData.swift in Sources */ = {isa = PBXBuildFile; fileRef = 675B48FD259636F8006B1888 /* OfferMetaData.swift */; };
		675B490825965AC4006B1888 /* NSObject+LuckyApp.swift in Sources */ = {isa = PBXBuildFile; fileRef = 675B490725965AC4006B1888 /* NSObject+LuckyApp.swift */; };
		675B49272596771E006B1888 /* UITableView+LuckyApp.swift in Sources */ = {isa = PBXBuildFile; fileRef = 675B49262596771E006B1888 /* UITableView+LuckyApp.swift */; };
		675B493025967910006B1888 /* OfferTableViewCell.swift in Sources */ = {isa = PBXBuildFile; fileRef = 675B492E25967910006B1888 /* OfferTableViewCell.swift */; };
		675B493125967910006B1888 /* OfferTableViewCell.xib in Resources */ = {isa = PBXBuildFile; fileRef = 675B492F25967910006B1888 /* OfferTableViewCell.xib */; };
		675B493D2596846E006B1888 /* SFProText-Regular.ttf in Resources */ = {isa = PBXBuildFile; fileRef = 675B493C2596846E006B1888 /* SFProText-Regular.ttf */; };
		675B4942259684E2006B1888 /* AppFont.swift in Sources */ = {isa = PBXBuildFile; fileRef = 675B4941259684E2006B1888 /* AppFont.swift */; };
		675B494825968BE5006B1888 /* TopHeaderTableViewCell.swift in Sources */ = {isa = PBXBuildFile; fileRef = 675B494625968BE5006B1888 /* TopHeaderTableViewCell.swift */; };
		675B494925968BE5006B1888 /* TopHeaderTableViewCell.xib in Resources */ = {isa = PBXBuildFile; fileRef = 675B494725968BE5006B1888 /* TopHeaderTableViewCell.xib */; };
		675B494F25968F89006B1888 /* OfferSectionHeaderTableViewCell.swift in Sources */ = {isa = PBXBuildFile; fileRef = 675B494D25968F89006B1888 /* OfferSectionHeaderTableViewCell.swift */; };
		675B495025968F89006B1888 /* OfferSectionHeaderTableViewCell.xib in Resources */ = {isa = PBXBuildFile; fileRef = 675B494E25968F89006B1888 /* OfferSectionHeaderTableViewCell.xib */; };
		675B4961259694C3006B1888 /* SFProText-Bold.ttf in Resources */ = {isa = PBXBuildFile; fileRef = 675B4960259694C3006B1888 /* SFProText-Bold.ttf */; };
		675B49662596950C006B1888 /* SFProText-Medium.ttf in Resources */ = {isa = PBXBuildFile; fileRef = 675B49652596950C006B1888 /* SFProText-Medium.ttf */; };
		675B49892596B202006B1888 /* Double+LuckyApp.swift in Sources */ = {isa = PBXBuildFile; fileRef = 675B49882596B202006B1888 /* Double+LuckyApp.swift */; };
		675B498E2596B21E006B1888 /* Int+LuckyApp.swift in Sources */ = {isa = PBXBuildFile; fileRef = 675B498D2596B21E006B1888 /* Int+LuckyApp.swift */; };
		675B49972596B401006B1888 /* OfferDetailsViewController.storyboard in Resources */ = {isa = PBXBuildFile; fileRef = 675B49962596B401006B1888 /* OfferDetailsViewController.storyboard */; };
		675B499C2596B42F006B1888 /* OfferDetailsViewController.swift in Sources */ = {isa = PBXBuildFile; fileRef = 675B499B2596B42F006B1888 /* OfferDetailsViewController.swift */; };
		675B49A425978D57006B1888 /* LuckyServiceProtocoles.swift in Sources */ = {isa = PBXBuildFile; fileRef = 675B49A325978D57006B1888 /* LuckyServiceProtocoles.swift */; };
		675B49A92597928E006B1888 /* OfferDetails.swift in Sources */ = {isa = PBXBuildFile; fileRef = 675B49A82597928E006B1888 /* OfferDetails.swift */; };
		675B49AF2597931F006B1888 /* OfferDetailsViewModel.swift in Sources */ = {isa = PBXBuildFile; fileRef = 675B49AE2597931F006B1888 /* OfferDetailsViewModel.swift */; };
		675B49B52597983B006B1888 /* OfferDetailsMetaData.swift in Sources */ = {isa = PBXBuildFile; fileRef = 675B49B42597983B006B1888 /* OfferDetailsMetaData.swift */; };
		675B49C22597C140006B1888 /* OfferImageTableViewCell.swift in Sources */ = {isa = PBXBuildFile; fileRef = 675B49C02597C140006B1888 /* OfferImageTableViewCell.swift */; };
		675B49C32597C140006B1888 /* OfferImageTableViewCell.xib in Resources */ = {isa = PBXBuildFile; fileRef = 675B49C12597C140006B1888 /* OfferImageTableViewCell.xib */; };
		675B49C92597CC61006B1888 /* OfferContentInfosTableViewCell.swift in Sources */ = {isa = PBXBuildFile; fileRef = 675B49C72597CC61006B1888 /* OfferContentInfosTableViewCell.swift */; };
		675B49CA2597CC61006B1888 /* OfferContentInfosTableViewCell.xib in Resources */ = {isa = PBXBuildFile; fileRef = 675B49C82597CC61006B1888 /* OfferContentInfosTableViewCell.xib */; };
		675B49CF2597D74C006B1888 /* SFProText-Light.ttf in Resources */ = {isa = PBXBuildFile; fileRef = 675B49CE2597D74C006B1888 /* SFProText-Light.ttf */; };
		675B49D52597DDB5006B1888 /* OfferPriceTableViewCell.swift in Sources */ = {isa = PBXBuildFile; fileRef = 675B49D32597DDB5006B1888 /* OfferPriceTableViewCell.swift */; };
		675B49D62597DDB5006B1888 /* OfferPriceTableViewCell.xib in Resources */ = {isa = PBXBuildFile; fileRef = 675B49D42597DDB5006B1888 /* OfferPriceTableViewCell.xib */; };
		675B49DC2597E781006B1888 /* OfferRedemptionsTableViewCell.swift in Sources */ = {isa = PBXBuildFile; fileRef = 675B49DA2597E781006B1888 /* OfferRedemptionsTableViewCell.swift */; };
		675B49DD2597E781006B1888 /* OfferRedemptionsTableViewCell.xib in Resources */ = {isa = PBXBuildFile; fileRef = 675B49DB2597E781006B1888 /* OfferRedemptionsTableViewCell.xib */; };
		675B49EB2597F5EA006B1888 /* LogManager.swift in Sources */ = {isa = PBXBuildFile; fileRef = 675B49EA2597F5EA006B1888 /* LogManager.swift */; };
		AA67ECF8A10A05D9C068F4D1 /* Pods_luckyApp.framework in Frameworks */ = {isa = PBXBuildFile; fileRef = BA90AF55D74BEE2FF35987AD /* Pods_luckyApp.framework */; };
/* End PBXBuildFile section */

/* Begin PBXContainerItemProxy section */
		675B47DB2593DF85006B1888 /* PBXContainerItemProxy */ = {
			isa = PBXContainerItemProxy;
			containerPortal = 675B47BC2593DF83006B1888 /* Project object */;
			proxyType = 1;
			remoteGlobalIDString = 675B47C32593DF83006B1888;
			remoteInfo = luckyApp;
		};
		675B47E62593DF85006B1888 /* PBXContainerItemProxy */ = {
			isa = PBXContainerItemProxy;
			containerPortal = 675B47BC2593DF83006B1888 /* Project object */;
			proxyType = 1;
			remoteGlobalIDString = 675B47C32593DF83006B1888;
			remoteInfo = luckyApp;
		};
/* End PBXContainerItemProxy section */

/* Begin PBXFileReference section */
		38C3C4F7AC9B92F094301F0D /* Pods-luckyApp.release.xcconfig */ = {isa = PBXFileReference; includeInIndex = 1; lastKnownFileType = text.xcconfig; name = "Pods-luckyApp.release.xcconfig"; path = "Target Support Files/Pods-luckyApp/Pods-luckyApp.release.xcconfig"; sourceTree = "<group>"; };
		675B47C42593DF83006B1888 /* luckyApp.app */ = {isa = PBXFileReference; explicitFileType = wrapper.application; includeInIndex = 0; path = luckyApp.app; sourceTree = BUILT_PRODUCTS_DIR; };
		675B47C72593DF83006B1888 /* AppDelegate.swift */ = {isa = PBXFileReference; lastKnownFileType = sourcecode.swift; path = AppDelegate.swift; sourceTree = "<group>"; };
		675B47CB2593DF83006B1888 /* OffresViewController.swift */ = {isa = PBXFileReference; lastKnownFileType = sourcecode.swift; path = OffresViewController.swift; sourceTree = "<group>"; };
		675B47CE2593DF83006B1888 /* Base */ = {isa = PBXFileReference; lastKnownFileType = file.storyboard; name = Base; path = Base.lproj/OffresViewController.storyboard; sourceTree = "<group>"; };
		675B47D02593DF85006B1888 /* Assets.xcassets */ = {isa = PBXFileReference; lastKnownFileType = folder.assetcatalog; path = Assets.xcassets; sourceTree = "<group>"; };
		675B47D32593DF85006B1888 /* Base */ = {isa = PBXFileReference; lastKnownFileType = file.storyboard; name = Base; path = Base.lproj/LaunchScreen.storyboard; sourceTree = "<group>"; };
		675B47D52593DF85006B1888 /* Info.plist */ = {isa = PBXFileReference; lastKnownFileType = text.plist.xml; path = Info.plist; sourceTree = "<group>"; };
		675B47DA2593DF85006B1888 /* luckyAppTests.xctest */ = {isa = PBXFileReference; explicitFileType = wrapper.cfbundle; includeInIndex = 0; path = luckyAppTests.xctest; sourceTree = BUILT_PRODUCTS_DIR; };
		675B47DE2593DF85006B1888 /* luckyAppTests.swift */ = {isa = PBXFileReference; lastKnownFileType = sourcecode.swift; path = luckyAppTests.swift; sourceTree = "<group>"; };
		675B47E02593DF85006B1888 /* Info.plist */ = {isa = PBXFileReference; lastKnownFileType = text.plist.xml; path = Info.plist; sourceTree = "<group>"; };
		675B47E52593DF85006B1888 /* luckyAppUITests.xctest */ = {isa = PBXFileReference; explicitFileType = wrapper.cfbundle; includeInIndex = 0; path = luckyAppUITests.xctest; sourceTree = BUILT_PRODUCTS_DIR; };
		675B47E92593DF85006B1888 /* luckyAppUITests.swift */ = {isa = PBXFileReference; lastKnownFileType = sourcecode.swift; path = luckyAppUITests.swift; sourceTree = "<group>"; };
		675B47EB2593DF85006B1888 /* Info.plist */ = {isa = PBXFileReference; lastKnownFileType = text.plist.xml; path = Info.plist; sourceTree = "<group>"; };
		675B48482593F45D006B1888 /* StoryboardBased.swift */ = {isa = PBXFileReference; lastKnownFileType = sourcecode.swift; path = StoryboardBased.swift; sourceTree = "<group>"; };
		675B48622593FEAF006B1888 /* LuckyRouter.swift */ = {isa = PBXFileReference; lastKnownFileType = sourcecode.swift; path = LuckyRouter.swift; sourceTree = "<group>"; };
		675B486725940895006B1888 /* LuckyService.swift */ = {isa = PBXFileReference; lastKnownFileType = sourcecode.swift; path = LuckyService.swift; sourceTree = "<group>"; };
		675B486C25940F06006B1888 /* Offres.swift */ = {isa = PBXFileReference; lastKnownFileType = sourcecode.swift; path = Offres.swift; sourceTree = "<group>"; };
		675B48722594C404006B1888 /* OffresViewModel.swift */ = {isa = PBXFileReference; lastKnownFileType = sourcecode.swift; path = OffresViewModel.swift; sourceTree = "<group>"; };
		675B48CD25962614006B1888 /* OfferCellMetaData.swift */ = {isa = PBXFileReference; lastKnownFileType = sourcecode.swift; path = OfferCellMetaData.swift; sourceTree = "<group>"; };
		675B48D6259627DD006B1888 /* AppColors.swift */ = {isa = PBXFileReference; lastKnownFileType = sourcecode.swift; path = AppColors.swift; sourceTree = "<group>"; };
		675B48DB25962EEB006B1888 /* AppImage.swift */ = {isa = PBXFileReference; lastKnownFileType = sourcecode.swift; path = AppImage.swift; sourceTree = "<group>"; };
		675B48E3259631CA006B1888 /* AppText.swift */ = {isa = PBXFileReference; lastKnownFileType = sourcecode.swift; path = AppText.swift; sourceTree = "<group>"; };
		675B48E925963271006B1888 /* String+LuckyApp.swift */ = {isa = PBXFileReference; lastKnownFileType = sourcecode.swift; path = "String+LuckyApp.swift"; sourceTree = "<group>"; };
		675B48F22596339C006B1888 /* Localizable.strings */ = {isa = PBXFileReference; lastKnownFileType = text.plist.strings; path = Localizable.strings; sourceTree = "<group>"; };
		675B48FD259636F8006B1888 /* OfferMetaData.swift */ = {isa = PBXFileReference; lastKnownFileType = sourcecode.swift; path = OfferMetaData.swift; sourceTree = "<group>"; };
		675B490725965AC4006B1888 /* NSObject+LuckyApp.swift */ = {isa = PBXFileReference; lastKnownFileType = sourcecode.swift; path = "NSObject+LuckyApp.swift"; sourceTree = "<group>"; };
		675B49262596771E006B1888 /* UITableView+LuckyApp.swift */ = {isa = PBXFileReference; lastKnownFileType = sourcecode.swift; path = "UITableView+LuckyApp.swift"; sourceTree = "<group>"; };
		675B492E25967910006B1888 /* OfferTableViewCell.swift */ = {isa = PBXFileReference; fileEncoding = 4; lastKnownFileType = sourcecode.swift; path = OfferTableViewCell.swift; sourceTree = "<group>"; };
		675B492F25967910006B1888 /* OfferTableViewCell.xib */ = {isa = PBXFileReference; fileEncoding = 4; lastKnownFileType = file.xib; path = OfferTableViewCell.xib; sourceTree = "<group>"; };
		675B493C2596846E006B1888 /* SFProText-Regular.ttf */ = {isa = PBXFileReference; lastKnownFileType = file; path = "SFProText-Regular.ttf"; sourceTree = "<group>"; };
		675B4941259684E2006B1888 /* AppFont.swift */ = {isa = PBXFileReference; lastKnownFileType = sourcecode.swift; path = AppFont.swift; sourceTree = "<group>"; };
		675B494625968BE5006B1888 /* TopHeaderTableViewCell.swift */ = {isa = PBXFileReference; lastKnownFileType = sourcecode.swift; path = TopHeaderTableViewCell.swift; sourceTree = "<group>"; };
		675B494725968BE5006B1888 /* TopHeaderTableViewCell.xib */ = {isa = PBXFileReference; lastKnownFileType = file.xib; path = TopHeaderTableViewCell.xib; sourceTree = "<group>"; };
		675B494D25968F89006B1888 /* OfferSectionHeaderTableViewCell.swift */ = {isa = PBXFileReference; lastKnownFileType = sourcecode.swift; path = OfferSectionHeaderTableViewCell.swift; sourceTree = "<group>"; };
		675B494E25968F89006B1888 /* OfferSectionHeaderTableViewCell.xib */ = {isa = PBXFileReference; lastKnownFileType = file.xib; path = OfferSectionHeaderTableViewCell.xib; sourceTree = "<group>"; };
		675B4960259694C3006B1888 /* SFProText-Bold.ttf */ = {isa = PBXFileReference; lastKnownFileType = file; path = "SFProText-Bold.ttf"; sourceTree = "<group>"; };
		675B49652596950C006B1888 /* SFProText-Medium.ttf */ = {isa = PBXFileReference; lastKnownFileType = file; path = "SFProText-Medium.ttf"; sourceTree = "<group>"; };
		675B49882596B202006B1888 /* Double+LuckyApp.swift */ = {isa = PBXFileReference; lastKnownFileType = sourcecode.swift; path = "Double+LuckyApp.swift"; sourceTree = "<group>"; };
		675B498D2596B21E006B1888 /* Int+LuckyApp.swift */ = {isa = PBXFileReference; lastKnownFileType = sourcecode.swift; path = "Int+LuckyApp.swift"; sourceTree = "<group>"; };
		675B49962596B401006B1888 /* OfferDetailsViewController.storyboard */ = {isa = PBXFileReference; lastKnownFileType = file.storyboard; path = OfferDetailsViewController.storyboard; sourceTree = "<group>"; };
		675B499B2596B42F006B1888 /* OfferDetailsViewController.swift */ = {isa = PBXFileReference; lastKnownFileType = sourcecode.swift; path = OfferDetailsViewController.swift; sourceTree = "<group>"; };
		675B49A325978D57006B1888 /* LuckyServiceProtocoles.swift */ = {isa = PBXFileReference; lastKnownFileType = sourcecode.swift; path = LuckyServiceProtocoles.swift; sourceTree = "<group>"; };
		675B49A82597928E006B1888 /* OfferDetails.swift */ = {isa = PBXFileReference; lastKnownFileType = sourcecode.swift; path = OfferDetails.swift; sourceTree = "<group>"; };
		675B49AE2597931F006B1888 /* OfferDetailsViewModel.swift */ = {isa = PBXFileReference; lastKnownFileType = sourcecode.swift; path = OfferDetailsViewModel.swift; sourceTree = "<group>"; };
		675B49B42597983B006B1888 /* OfferDetailsMetaData.swift */ = {isa = PBXFileReference; lastKnownFileType = sourcecode.swift; path = OfferDetailsMetaData.swift; sourceTree = "<group>"; };
		675B49C02597C140006B1888 /* OfferImageTableViewCell.swift */ = {isa = PBXFileReference; lastKnownFileType = sourcecode.swift; path = OfferImageTableViewCell.swift; sourceTree = "<group>"; };
		675B49C12597C140006B1888 /* OfferImageTableViewCell.xib */ = {isa = PBXFileReference; lastKnownFileType = file.xib; path = OfferImageTableViewCell.xib; sourceTree = "<group>"; };
		675B49C72597CC61006B1888 /* OfferContentInfosTableViewCell.swift */ = {isa = PBXFileReference; lastKnownFileType = sourcecode.swift; path = OfferContentInfosTableViewCell.swift; sourceTree = "<group>"; };
		675B49C82597CC61006B1888 /* OfferContentInfosTableViewCell.xib */ = {isa = PBXFileReference; lastKnownFileType = file.xib; path = OfferContentInfosTableViewCell.xib; sourceTree = "<group>"; };
		675B49CE2597D74C006B1888 /* SFProText-Light.ttf */ = {isa = PBXFileReference; lastKnownFileType = file; path = "SFProText-Light.ttf"; sourceTree = "<group>"; };
		675B49D32597DDB5006B1888 /* OfferPriceTableViewCell.swift */ = {isa = PBXFileReference; lastKnownFileType = sourcecode.swift; path = OfferPriceTableViewCell.swift; sourceTree = "<group>"; };
		675B49D42597DDB5006B1888 /* OfferPriceTableViewCell.xib */ = {isa = PBXFileReference; lastKnownFileType = file.xib; path = OfferPriceTableViewCell.xib; sourceTree = "<group>"; };
		675B49DA2597E781006B1888 /* OfferRedemptionsTableViewCell.swift */ = {isa = PBXFileReference; lastKnownFileType = sourcecode.swift; path = OfferRedemptionsTableViewCell.swift; sourceTree = "<group>"; };
		675B49DB2597E781006B1888 /* OfferRedemptionsTableViewCell.xib */ = {isa = PBXFileReference; lastKnownFileType = file.xib; path = OfferRedemptionsTableViewCell.xib; sourceTree = "<group>"; };
		675B49EA2597F5EA006B1888 /* LogManager.swift */ = {isa = PBXFileReference; lastKnownFileType = sourcecode.swift; path = LogManager.swift; sourceTree = "<group>"; };
		BA90AF55D74BEE2FF35987AD /* Pods_luckyApp.framework */ = {isa = PBXFileReference; explicitFileType = wrapper.framework; includeInIndex = 0; path = Pods_luckyApp.framework; sourceTree = BUILT_PRODUCTS_DIR; };
		E7B30C59909BD742A340174C /* Pods-luckyApp.debug.xcconfig */ = {isa = PBXFileReference; includeInIndex = 1; lastKnownFileType = text.xcconfig; name = "Pods-luckyApp.debug.xcconfig"; path = "Target Support Files/Pods-luckyApp/Pods-luckyApp.debug.xcconfig"; sourceTree = "<group>"; };
/* End PBXFileReference section */

/* Begin PBXFrameworksBuildPhase section */
		675B47C12593DF83006B1888 /* Frameworks */ = {
			isa = PBXFrameworksBuildPhase;
			buildActionMask = 2147483647;
			files = (
				AA67ECF8A10A05D9C068F4D1 /* Pods_luckyApp.framework in Frameworks */,
			);
			runOnlyForDeploymentPostprocessing = 0;
		};
		675B47D72593DF85006B1888 /* Frameworks */ = {
			isa = PBXFrameworksBuildPhase;
			buildActionMask = 2147483647;
			files = (
			);
			runOnlyForDeploymentPostprocessing = 0;
		};
		675B47E22593DF85006B1888 /* Frameworks */ = {
			isa = PBXFrameworksBuildPhase;
			buildActionMask = 2147483647;
			files = (
			);
			runOnlyForDeploymentPostprocessing = 0;
		};
/* End PBXFrameworksBuildPhase section */

/* Begin PBXGroup section */
		675B47BB2593DF83006B1888 = {
			isa = PBXGroup;
			children = (
				675B47C62593DF83006B1888 /* luckyApp */,
				675B47DD2593DF85006B1888 /* luckyAppTests */,
				675B47E82593DF85006B1888 /* luckyAppUITests */,
				675B47C52593DF83006B1888 /* Products */,
				960F3A9934A5DEEB23DDFAAE /* Pods */,
				7A76977E2AFE58C4BF16D896 /* Frameworks */,
			);
			sourceTree = "<group>";
		};
		675B47C52593DF83006B1888 /* Products */ = {
			isa = PBXGroup;
			children = (
				675B47C42593DF83006B1888 /* luckyApp.app */,
				675B47DA2593DF85006B1888 /* luckyAppTests.xctest */,
				675B47E52593DF85006B1888 /* luckyAppUITests.xctest */,
			);
			name = Products;
			sourceTree = "<group>";
		};
		675B47C62593DF83006B1888 /* luckyApp */ = {
			isa = PBXGroup;
			children = (
				675B47C72593DF83006B1888 /* AppDelegate.swift */,
				675B48002593E05F006B1888 /* Common */,
				675B481D2593E36A006B1888 /* LaunchScreen */,
				675B48072593E13E006B1888 /* Managers */,
				675B48082593E147006B1888 /* Models */,
				675B48092593E14E006B1888 /* Modules */,
				675B480A2593E156006B1888 /* Resources */,
				675B480B2593E161006B1888 /* Services */,
			);
			path = luckyApp;
			sourceTree = "<group>";
		};
		675B47DD2593DF85006B1888 /* luckyAppTests */ = {
			isa = PBXGroup;
			children = (
				675B47DE2593DF85006B1888 /* luckyAppTests.swift */,
				675B47E02593DF85006B1888 /* Info.plist */,
			);
			path = luckyAppTests;
			sourceTree = "<group>";
		};
		675B47E82593DF85006B1888 /* luckyAppUITests */ = {
			isa = PBXGroup;
			children = (
				675B47E92593DF85006B1888 /* luckyAppUITests.swift */,
				675B47EB2593DF85006B1888 /* Info.plist */,
			);
			path = luckyAppUITests;
			sourceTree = "<group>";
		};
		675B48002593E05F006B1888 /* Common */ = {
			isa = PBXGroup;
			children = (
				675B48D5259627B4006B1888 /* Constants */,
				675B48E82596324B006B1888 /* extensions */,
				675B48472593F001006B1888 /* Protocols */,
			);
			path = Common;
			sourceTree = "<group>";
		};
		675B48072593E13E006B1888 /* Managers */ = {
			isa = PBXGroup;
			children = (
				675B49EA2597F5EA006B1888 /* LogManager.swift */,
			);
			path = Managers;
			sourceTree = "<group>";
		};
		675B48082593E147006B1888 /* Models */ = {
			isa = PBXGroup;
			children = (
				675B486C25940F06006B1888 /* Offres.swift */,
				675B49A82597928E006B1888 /* OfferDetails.swift */,
			);
			path = Models;
			sourceTree = "<group>";
		};
		675B48092593E14E006B1888 /* Modules */ = {
			isa = PBXGroup;
			children = (
				675B49952596B305006B1888 /* OfferDetails */,
				675B48592593FA1B006B1888 /* Offres */,
			);
			path = Modules;
			sourceTree = "<group>";
		};
		675B480A2593E156006B1888 /* Resources */ = {
			isa = PBXGroup;
			children = (
				675B493B25968437006B1888 /* Font */,
				675B480D2593E1AB006B1888 /* Images */,
				675B480C2593E195006B1888 /* Info */,
				675B48F125963380006B1888 /* Text */,
			);
			path = Resources;
			sourceTree = "<group>";
		};
		675B480B2593E161006B1888 /* Services */ = {
			isa = PBXGroup;
			children = (
				675B48622593FEAF006B1888 /* LuckyRouter.swift */,
				675B486725940895006B1888 /* LuckyService.swift */,
				675B49A325978D57006B1888 /* LuckyServiceProtocoles.swift */,
			);
			path = Services;
			sourceTree = "<group>";
		};
		675B480C2593E195006B1888 /* Info */ = {
			isa = PBXGroup;
			children = (
				675B47D52593DF85006B1888 /* Info.plist */,
			);
			path = Info;
			sourceTree = "<group>";
		};
		675B480D2593E1AB006B1888 /* Images */ = {
			isa = PBXGroup;
			children = (
				675B47D02593DF85006B1888 /* Assets.xcassets */,
			);
			path = Images;
			sourceTree = "<group>";
		};
		675B481D2593E36A006B1888 /* LaunchScreen */ = {
			isa = PBXGroup;
			children = (
				675B47D22593DF85006B1888 /* LaunchScreen.storyboard */,
			);
			path = LaunchScreen;
			sourceTree = "<group>";
		};
		675B48472593F001006B1888 /* Protocols */ = {
			isa = PBXGroup;
			children = (
				675B48482593F45D006B1888 /* StoryboardBased.swift */,
			);
			path = Protocols;
			sourceTree = "<group>";
		};
		675B48592593FA1B006B1888 /* Offres */ = {
			isa = PBXGroup;
			children = (
				675B47CB2593DF83006B1888 /* OffresViewController.swift */,
				675B47CD2593DF83006B1888 /* OffresViewController.storyboard */,
				675B48712594C3BA006B1888 /* ViewModel */,
				675B48C0259513C2006B1888 /* Views */,
			);
			path = Offres;
			sourceTree = "<group>";
		};
		675B48712594C3BA006B1888 /* ViewModel */ = {
			isa = PBXGroup;
			children = (
				675B48722594C404006B1888 /* OffresViewModel.swift */,
				675B48CC2596260A006B1888 /* Data */,
			);
			path = ViewModel;
			sourceTree = "<group>";
		};
		675B48C0259513C2006B1888 /* Views */ = {
			isa = PBXGroup;
			children = (
				675B494D25968F89006B1888 /* OfferSectionHeaderTableViewCell.swift */,
				675B494E25968F89006B1888 /* OfferSectionHeaderTableViewCell.xib */,
				675B492E25967910006B1888 /* OfferTableViewCell.swift */,
				675B492F25967910006B1888 /* OfferTableViewCell.xib */,
				675B494625968BE5006B1888 /* TopHeaderTableViewCell.swift */,
				675B494725968BE5006B1888 /* TopHeaderTableViewCell.xib */,
			);
			path = Views;
			sourceTree = "<group>";
		};
		675B48CC2596260A006B1888 /* Data */ = {
			isa = PBXGroup;
			children = (
				675B48CD25962614006B1888 /* OfferCellMetaData.swift */,
				675B48FD259636F8006B1888 /* OfferMetaData.swift */,
			);
			path = Data;
			sourceTree = "<group>";
		};
		675B48D5259627B4006B1888 /* Constants */ = {
			isa = PBXGroup;
			children = (
				675B48D6259627DD006B1888 /* AppColors.swift */,
				675B48DB25962EEB006B1888 /* AppImage.swift */,
				675B48E3259631CA006B1888 /* AppText.swift */,
				675B4941259684E2006B1888 /* AppFont.swift */,
			);
			path = Constants;
			sourceTree = "<group>";
		};
		675B48E82596324B006B1888 /* extensions */ = {
			isa = PBXGroup;
			children = (
				675B49882596B202006B1888 /* Double+LuckyApp.swift */,
				675B498D2596B21E006B1888 /* Int+LuckyApp.swift */,
				675B490725965AC4006B1888 /* NSObject+LuckyApp.swift */,
				675B48E925963271006B1888 /* String+LuckyApp.swift */,
				675B49262596771E006B1888 /* UITableView+LuckyApp.swift */,
			);
			path = extensions;
			sourceTree = "<group>";
		};
		675B48F125963380006B1888 /* Text */ = {
			isa = PBXGroup;
			children = (
				675B48F22596339C006B1888 /* Localizable.strings */,
			);
			path = Text;
			sourceTree = "<group>";
		};
		675B493B25968437006B1888 /* Font */ = {
			isa = PBXGroup;
			children = (
				675B49CE2597D74C006B1888 /* SFProText-Light.ttf */,
				675B49652596950C006B1888 /* SFProText-Medium.ttf */,
				675B4960259694C3006B1888 /* SFProText-Bold.ttf */,
				675B493C2596846E006B1888 /* SFProText-Regular.ttf */,
			);
			path = Font;
			sourceTree = "<group>";
		};
		675B49952596B305006B1888 /* OfferDetails */ = {
			isa = PBXGroup;
			children = (
				675B49962596B401006B1888 /* OfferDetailsViewController.storyboard */,
				675B499B2596B42F006B1888 /* OfferDetailsViewController.swift */,
				675B49AD25979306006B1888 /* ViewModel */,
				675B49BC2597B703006B1888 /* Views */,
			);
			path = OfferDetails;
			sourceTree = "<group>";
		};
		675B49AD25979306006B1888 /* ViewModel */ = {
			isa = PBXGroup;
			children = (
				675B49AE2597931F006B1888 /* OfferDetailsViewModel.swift */,
				675B49B325979828006B1888 /* Data */,
			);
			path = ViewModel;
			sourceTree = "<group>";
		};
		675B49B325979828006B1888 /* Data */ = {
			isa = PBXGroup;
			children = (
				675B49B42597983B006B1888 /* OfferDetailsMetaData.swift */,
			);
			path = Data;
			sourceTree = "<group>";
		};
		675B49BC2597B703006B1888 /* Views */ = {
			isa = PBXGroup;
			children = (
				675B49C72597CC61006B1888 /* OfferContentInfosTableViewCell.swift */,
				675B49C82597CC61006B1888 /* OfferContentInfosTableViewCell.xib */,
				675B49C02597C140006B1888 /* OfferImageTableViewCell.swift */,
				675B49C12597C140006B1888 /* OfferImageTableViewCell.xib */,
				675B49D32597DDB5006B1888 /* OfferPriceTableViewCell.swift */,
				675B49D42597DDB5006B1888 /* OfferPriceTableViewCell.xib */,
				675B49DA2597E781006B1888 /* OfferRedemptionsTableViewCell.swift */,
				675B49DB2597E781006B1888 /* OfferRedemptionsTableViewCell.xib */,
			);
			path = Views;
			sourceTree = "<group>";
		};
		7A76977E2AFE58C4BF16D896 /* Frameworks */ = {
			isa = PBXGroup;
			children = (
				BA90AF55D74BEE2FF35987AD /* Pods_luckyApp.framework */,
			);
			name = Frameworks;
			sourceTree = "<group>";
		};
		960F3A9934A5DEEB23DDFAAE /* Pods */ = {
			isa = PBXGroup;
			children = (
				E7B30C59909BD742A340174C /* Pods-luckyApp.debug.xcconfig */,
				38C3C4F7AC9B92F094301F0D /* Pods-luckyApp.release.xcconfig */,
			);
			path = Pods;
			sourceTree = "<group>";
		};
/* End PBXGroup section */

/* Begin PBXNativeTarget section */
		675B47C32593DF83006B1888 /* luckyApp */ = {
			isa = PBXNativeTarget;
			buildConfigurationList = 675B47EE2593DF85006B1888 /* Build configuration list for PBXNativeTarget "luckyApp" */;
			buildPhases = (
				B6EFD781590606FBBBA4C58B /* [CP] Check Pods Manifest.lock */,
				675B47C02593DF83006B1888 /* Sources */,
				675B47C12593DF83006B1888 /* Frameworks */,
				675B47C22593DF83006B1888 /* Resources */,
				675B48432593E8F5006B1888 /* ShellScript */,
				9D93853036AB86D94ECC69C5 /* [CP] Embed Pods Frameworks */,
			);
			buildRules = (
			);
			dependencies = (
			);
			name = luckyApp;
			productName = luckyApp;
			productReference = 675B47C42593DF83006B1888 /* luckyApp.app */;
			productType = "com.apple.product-type.application";
		};
		675B47D92593DF85006B1888 /* luckyAppTests */ = {
			isa = PBXNativeTarget;
			buildConfigurationList = 675B47F12593DF85006B1888 /* Build configuration list for PBXNativeTarget "luckyAppTests" */;
			buildPhases = (
				675B47D62593DF85006B1888 /* Sources */,
				675B47D72593DF85006B1888 /* Frameworks */,
				675B47D82593DF85006B1888 /* Resources */,
			);
			buildRules = (
			);
			dependencies = (
				675B47DC2593DF85006B1888 /* PBXTargetDependency */,
			);
			name = luckyAppTests;
			productName = luckyAppTests;
			productReference = 675B47DA2593DF85006B1888 /* luckyAppTests.xctest */;
			productType = "com.apple.product-type.bundle.unit-test";
		};
		675B47E42593DF85006B1888 /* luckyAppUITests */ = {
			isa = PBXNativeTarget;
			buildConfigurationList = 675B47F42593DF85006B1888 /* Build configuration list for PBXNativeTarget "luckyAppUITests" */;
			buildPhases = (
				675B47E12593DF85006B1888 /* Sources */,
				675B47E22593DF85006B1888 /* Frameworks */,
				675B47E32593DF85006B1888 /* Resources */,
			);
			buildRules = (
			);
			dependencies = (
				675B47E72593DF85006B1888 /* PBXTargetDependency */,
			);
			name = luckyAppUITests;
			productName = luckyAppUITests;
			productReference = 675B47E52593DF85006B1888 /* luckyAppUITests.xctest */;
			productType = "com.apple.product-type.bundle.ui-testing";
		};
/* End PBXNativeTarget section */

/* Begin PBXProject section */
		675B47BC2593DF83006B1888 /* Project object */ = {
			isa = PBXProject;
			attributes = {
				LastSwiftUpdateCheck = 1220;
				LastUpgradeCheck = 1220;
				TargetAttributes = {
					675B47C32593DF83006B1888 = {
						CreatedOnToolsVersion = 12.2;
					};
					675B47D92593DF85006B1888 = {
						CreatedOnToolsVersion = 12.2;
						TestTargetID = 675B47C32593DF83006B1888;
					};
					675B47E42593DF85006B1888 = {
						CreatedOnToolsVersion = 12.2;
						TestTargetID = 675B47C32593DF83006B1888;
					};
				};
			};
			buildConfigurationList = 675B47BF2593DF83006B1888 /* Build configuration list for PBXProject "luckyApp" */;
			compatibilityVersion = "Xcode 9.3";
			developmentRegion = en;
			hasScannedForEncodings = 0;
			knownRegions = (
				en,
				Base,
			);
			mainGroup = 675B47BB2593DF83006B1888;
			productRefGroup = 675B47C52593DF83006B1888 /* Products */;
			projectDirPath = "";
			projectRoot = "";
			targets = (
				675B47C32593DF83006B1888 /* luckyApp */,
				675B47D92593DF85006B1888 /* luckyAppTests */,
				675B47E42593DF85006B1888 /* luckyAppUITests */,
			);
		};
/* End PBXProject section */

/* Begin PBXResourcesBuildPhase section */
		675B47C22593DF83006B1888 /* Resources */ = {
			isa = PBXResourcesBuildPhase;
			buildActionMask = 2147483647;
			files = (
				675B48F32596339C006B1888 /* Localizable.strings in Resources */,
				675B493D2596846E006B1888 /* SFProText-Regular.ttf in Resources */,
				675B47D42593DF85006B1888 /* LaunchScreen.storyboard in Resources */,
				675B49DD2597E781006B1888 /* OfferRedemptionsTableViewCell.xib in Resources */,
				675B494925968BE5006B1888 /* TopHeaderTableViewCell.xib in Resources */,
				675B49C32597C140006B1888 /* OfferImageTableViewCell.xib in Resources */,
				675B47D12593DF85006B1888 /* Assets.xcassets in Resources */,
				675B49CA2597CC61006B1888 /* OfferContentInfosTableViewCell.xib in Resources */,
				675B493125967910006B1888 /* OfferTableViewCell.xib in Resources */,
				675B47CF2593DF83006B1888 /* OffresViewController.storyboard in Resources */,
				675B4961259694C3006B1888 /* SFProText-Bold.ttf in Resources */,
				675B49972596B401006B1888 /* OfferDetailsViewController.storyboard in Resources */,
				675B49CF2597D74C006B1888 /* SFProText-Light.ttf in Resources */,
				675B495025968F89006B1888 /* OfferSectionHeaderTableViewCell.xib in Resources */,
				675B49D62597DDB5006B1888 /* OfferPriceTableViewCell.xib in Resources */,
				675B49662596950C006B1888 /* SFProText-Medium.ttf in Resources */,
			);
			runOnlyForDeploymentPostprocessing = 0;
		};
		675B47D82593DF85006B1888 /* Resources */ = {
			isa = PBXResourcesBuildPhase;
			buildActionMask = 2147483647;
			files = (
			);
			runOnlyForDeploymentPostprocessing = 0;
		};
		675B47E32593DF85006B1888 /* Resources */ = {
			isa = PBXResourcesBuildPhase;
			buildActionMask = 2147483647;
			files = (
			);
			runOnlyForDeploymentPostprocessing = 0;
		};
/* End PBXResourcesBuildPhase section */

/* Begin PBXShellScriptBuildPhase section */
		675B48432593E8F5006B1888 /* ShellScript */ = {
			isa = PBXShellScriptBuildPhase;
			buildActionMask = 2147483647;
			files = (
			);
			inputFileListPaths = (
			);
			inputPaths = (
			);
			outputFileListPaths = (
			);
			outputPaths = (
			);
			runOnlyForDeploymentPostprocessing = 0;
			shellPath = /bin/sh;
			shellScript = "if which swiftlint >/dev/null; then\n  swiftlint\nelse\n  echo \"warning: SwiftLint not installed, download from https://github.com/realm/SwiftLint\"\nfi\n";
		};
		9D93853036AB86D94ECC69C5 /* [CP] Embed Pods Frameworks */ = {
			isa = PBXShellScriptBuildPhase;
			buildActionMask = 2147483647;
			files = (
			);
			inputFileListPaths = (
				"${PODS_ROOT}/Target Support Files/Pods-luckyApp/Pods-luckyApp-frameworks-${CONFIGURATION}-input-files.xcfilelist",
			);
			name = "[CP] Embed Pods Frameworks";
			outputFileListPaths = (
				"${PODS_ROOT}/Target Support Files/Pods-luckyApp/Pods-luckyApp-frameworks-${CONFIGURATION}-output-files.xcfilelist",
			);
			runOnlyForDeploymentPostprocessing = 0;
			shellPath = /bin/sh;
			shellScript = "\"${PODS_ROOT}/Target Support Files/Pods-luckyApp/Pods-luckyApp-frameworks.sh\"\n";
			showEnvVarsInLog = 0;
		};
		B6EFD781590606FBBBA4C58B /* [CP] Check Pods Manifest.lock */ = {
			isa = PBXShellScriptBuildPhase;
			buildActionMask = 2147483647;
			files = (
			);
			inputFileListPaths = (
			);
			inputPaths = (
				"${PODS_PODFILE_DIR_PATH}/Podfile.lock",
				"${PODS_ROOT}/Manifest.lock",
			);
			name = "[CP] Check Pods Manifest.lock";
			outputFileListPaths = (
			);
			outputPaths = (
				"$(DERIVED_FILE_DIR)/Pods-luckyApp-checkManifestLockResult.txt",
			);
			runOnlyForDeploymentPostprocessing = 0;
			shellPath = /bin/sh;
			shellScript = "diff \"${PODS_PODFILE_DIR_PATH}/Podfile.lock\" \"${PODS_ROOT}/Manifest.lock\" > /dev/null\nif [ $? != 0 ] ; then\n    # print error to STDERR\n    echo \"error: The sandbox is not in sync with the Podfile.lock. Run 'pod install' or update your CocoaPods installation.\" >&2\n    exit 1\nfi\n# This output is used by Xcode 'outputs' to avoid re-running this script phase.\necho \"SUCCESS\" > \"${SCRIPT_OUTPUT_FILE_0}\"\n";
			showEnvVarsInLog = 0;
		};
/* End PBXShellScriptBuildPhase section */

/* Begin PBXSourcesBuildPhase section */
		675B47C02593DF83006B1888 /* Sources */ = {
			isa = PBXSourcesBuildPhase;
			buildActionMask = 2147483647;
			files = (
				675B48732594C404006B1888 /* OffresViewModel.swift in Sources */,
				675B48E4259631CA006B1888 /* AppText.swift in Sources */,
				675B49B52597983B006B1888 /* OfferDetailsMetaData.swift in Sources */,
				675B49EB2597F5EA006B1888 /* LogManager.swift in Sources */,
				675B47CC2593DF83006B1888 /* OffresViewController.swift in Sources */,
				675B49C22597C140006B1888 /* OfferImageTableViewCell.swift in Sources */,
				675B48D7259627DD006B1888 /* AppColors.swift in Sources */,
				675B48632593FEAF006B1888 /* LuckyRouter.swift in Sources */,
				675B49A92597928E006B1888 /* OfferDetails.swift in Sources */,
				675B486D25940F06006B1888 /* Offres.swift in Sources */,
				675B486825940895006B1888 /* LuckyService.swift in Sources */,
				675B49AF2597931F006B1888 /* OfferDetailsViewModel.swift in Sources */,
				675B48DC25962EEB006B1888 /* AppImage.swift in Sources */,
				675B499C2596B42F006B1888 /* OfferDetailsViewController.swift in Sources */,
				675B498E2596B21E006B1888 /* Int+LuckyApp.swift in Sources */,
				675B494825968BE5006B1888 /* TopHeaderTableViewCell.swift in Sources */,
				675B48492593F45D006B1888 /* StoryboardBased.swift in Sources */,
				675B49272596771E006B1888 /* UITableView+LuckyApp.swift in Sources */,
				675B49892596B202006B1888 /* Double+LuckyApp.swift in Sources */,
				675B494F25968F89006B1888 /* OfferSectionHeaderTableViewCell.swift in Sources */,
				675B493025967910006B1888 /* OfferTableViewCell.swift in Sources */,
				675B47C82593DF83006B1888 /* AppDelegate.swift in Sources */,
				675B48EA25963271006B1888 /* String+LuckyApp.swift in Sources */,
				675B4942259684E2006B1888 /* AppFont.swift in Sources */,
				675B48CE25962614006B1888 /* OfferCellMetaData.swift in Sources */,
				675B490825965AC4006B1888 /* NSObject+LuckyApp.swift in Sources */,
				675B49DC2597E781006B1888 /* OfferRedemptionsTableViewCell.swift in Sources */,
				675B49D52597DDB5006B1888 /* OfferPriceTableViewCell.swift in Sources */,
				675B48FE259636F8006B1888 /* OfferMetaData.swift in Sources */,
				675B49C92597CC61006B1888 /* OfferContentInfosTableViewCell.swift in Sources */,
				675B49A425978D57006B1888 /* LuckyServiceProtocoles.swift in Sources */,
			);
			runOnlyForDeploymentPostprocessing = 0;
		};
		675B47D62593DF85006B1888 /* Sources */ = {
			isa = PBXSourcesBuildPhase;
			buildActionMask = 2147483647;
			files = (
				675B47DF2593DF85006B1888 /* luckyAppTests.swift in Sources */,
			);
			runOnlyForDeploymentPostprocessing = 0;
		};
		675B47E12593DF85006B1888 /* Sources */ = {
			isa = PBXSourcesBuildPhase;
			buildActionMask = 2147483647;
			files = (
				675B47EA2593DF85006B1888 /* luckyAppUITests.swift in Sources */,
			);
			runOnlyForDeploymentPostprocessing = 0;
		};
/* End PBXSourcesBuildPhase section */

/* Begin PBXTargetDependency section */
		675B47DC2593DF85006B1888 /* PBXTargetDependency */ = {
			isa = PBXTargetDependency;
			target = 675B47C32593DF83006B1888 /* luckyApp */;
			targetProxy = 675B47DB2593DF85006B1888 /* PBXContainerItemProxy */;
		};
		675B47E72593DF85006B1888 /* PBXTargetDependency */ = {
			isa = PBXTargetDependency;
			target = 675B47C32593DF83006B1888 /* luckyApp */;
			targetProxy = 675B47E62593DF85006B1888 /* PBXContainerItemProxy */;
		};
/* End PBXTargetDependency section */

/* Begin PBXVariantGroup section */
		675B47CD2593DF83006B1888 /* OffresViewController.storyboard */ = {
			isa = PBXVariantGroup;
			children = (
				675B47CE2593DF83006B1888 /* Base */,
			);
			name = OffresViewController.storyboard;
			sourceTree = "<group>";
		};
		675B47D22593DF85006B1888 /* LaunchScreen.storyboard */ = {
			isa = PBXVariantGroup;
			children = (
				675B47D32593DF85006B1888 /* Base */,
			);
			name = LaunchScreen.storyboard;
			sourceTree = "<group>";
		};
/* End PBXVariantGroup section */

/* Begin XCBuildConfiguration section */
		675B47EC2593DF85006B1888 /* Debug */ = {
			isa = XCBuildConfiguration;
			buildSettings = {
				ALWAYS_SEARCH_USER_PATHS = NO;
				CLANG_ANALYZER_NONNULL = YES;
				CLANG_ANALYZER_NUMBER_OBJECT_CONVERSION = YES_AGGRESSIVE;
				CLANG_CXX_LANGUAGE_STANDARD = "gnu++14";
				CLANG_CXX_LIBRARY = "libc++";
				CLANG_ENABLE_MODULES = YES;
				CLANG_ENABLE_OBJC_ARC = YES;
				CLANG_ENABLE_OBJC_WEAK = YES;
				CLANG_WARN_BLOCK_CAPTURE_AUTORELEASING = YES;
				CLANG_WARN_BOOL_CONVERSION = YES;
				CLANG_WARN_COMMA = YES;
				CLANG_WARN_CONSTANT_CONVERSION = YES;
				CLANG_WARN_DEPRECATED_OBJC_IMPLEMENTATIONS = YES;
				CLANG_WARN_DIRECT_OBJC_ISA_USAGE = YES_ERROR;
				CLANG_WARN_DOCUMENTATION_COMMENTS = YES;
				CLANG_WARN_EMPTY_BODY = YES;
				CLANG_WARN_ENUM_CONVERSION = YES;
				CLANG_WARN_INFINITE_RECURSION = YES;
				CLANG_WARN_INT_CONVERSION = YES;
				CLANG_WARN_NON_LITERAL_NULL_CONVERSION = YES;
				CLANG_WARN_OBJC_IMPLICIT_RETAIN_SELF = YES;
				CLANG_WARN_OBJC_LITERAL_CONVERSION = YES;
				CLANG_WARN_OBJC_ROOT_CLASS = YES_ERROR;
				CLANG_WARN_QUOTED_INCLUDE_IN_FRAMEWORK_HEADER = YES;
				CLANG_WARN_RANGE_LOOP_ANALYSIS = YES;
				CLANG_WARN_STRICT_PROTOTYPES = YES;
				CLANG_WARN_SUSPICIOUS_MOVE = YES;
				CLANG_WARN_UNGUARDED_AVAILABILITY = YES_AGGRESSIVE;
				CLANG_WARN_UNREACHABLE_CODE = YES;
				CLANG_WARN__DUPLICATE_METHOD_MATCH = YES;
				COPY_PHASE_STRIP = NO;
				DEBUG_INFORMATION_FORMAT = dwarf;
				ENABLE_STRICT_OBJC_MSGSEND = YES;
				ENABLE_TESTABILITY = YES;
				GCC_C_LANGUAGE_STANDARD = gnu11;
				GCC_DYNAMIC_NO_PIC = NO;
				GCC_NO_COMMON_BLOCKS = YES;
				GCC_OPTIMIZATION_LEVEL = 0;
				GCC_PREPROCESSOR_DEFINITIONS = (
					"DEBUG=1",
					"$(inherited)",
				);
				GCC_WARN_64_TO_32_BIT_CONVERSION = YES;
				GCC_WARN_ABOUT_RETURN_TYPE = YES_ERROR;
				GCC_WARN_UNDECLARED_SELECTOR = YES;
				GCC_WARN_UNINITIALIZED_AUTOS = YES_AGGRESSIVE;
				GCC_WARN_UNUSED_FUNCTION = YES;
				GCC_WARN_UNUSED_VARIABLE = YES;
				IPHONEOS_DEPLOYMENT_TARGET = 10.0;
				MTL_ENABLE_DEBUG_INFO = INCLUDE_SOURCE;
				MTL_FAST_MATH = YES;
				ONLY_ACTIVE_ARCH = YES;
				SDKROOT = iphoneos;
				SWIFT_ACTIVE_COMPILATION_CONDITIONS = DEBUG;
				SWIFT_OPTIMIZATION_LEVEL = "-Onone";
			};
			name = Debug;
		};
		675B47ED2593DF85006B1888 /* Release */ = {
			isa = XCBuildConfiguration;
			buildSettings = {
				ALWAYS_SEARCH_USER_PATHS = NO;
				CLANG_ANALYZER_NONNULL = YES;
				CLANG_ANALYZER_NUMBER_OBJECT_CONVERSION = YES_AGGRESSIVE;
				CLANG_CXX_LANGUAGE_STANDARD = "gnu++14";
				CLANG_CXX_LIBRARY = "libc++";
				CLANG_ENABLE_MODULES = YES;
				CLANG_ENABLE_OBJC_ARC = YES;
				CLANG_ENABLE_OBJC_WEAK = YES;
				CLANG_WARN_BLOCK_CAPTURE_AUTORELEASING = YES;
				CLANG_WARN_BOOL_CONVERSION = YES;
				CLANG_WARN_COMMA = YES;
				CLANG_WARN_CONSTANT_CONVERSION = YES;
				CLANG_WARN_DEPRECATED_OBJC_IMPLEMENTATIONS = YES;
				CLANG_WARN_DIRECT_OBJC_ISA_USAGE = YES_ERROR;
				CLANG_WARN_DOCUMENTATION_COMMENTS = YES;
				CLANG_WARN_EMPTY_BODY = YES;
				CLANG_WARN_ENUM_CONVERSION = YES;
				CLANG_WARN_INFINITE_RECURSION = YES;
				CLANG_WARN_INT_CONVERSION = YES;
				CLANG_WARN_NON_LITERAL_NULL_CONVERSION = YES;
				CLANG_WARN_OBJC_IMPLICIT_RETAIN_SELF = YES;
				CLANG_WARN_OBJC_LITERAL_CONVERSION = YES;
				CLANG_WARN_OBJC_ROOT_CLASS = YES_ERROR;
				CLANG_WARN_QUOTED_INCLUDE_IN_FRAMEWORK_HEADER = YES;
				CLANG_WARN_RANGE_LOOP_ANALYSIS = YES;
				CLANG_WARN_STRICT_PROTOTYPES = YES;
				CLANG_WARN_SUSPICIOUS_MOVE = YES;
				CLANG_WARN_UNGUARDED_AVAILABILITY = YES_AGGRESSIVE;
				CLANG_WARN_UNREACHABLE_CODE = YES;
				CLANG_WARN__DUPLICATE_METHOD_MATCH = YES;
				COPY_PHASE_STRIP = NO;
				DEBUG_INFORMATION_FORMAT = "dwarf-with-dsym";
				ENABLE_NS_ASSERTIONS = NO;
				ENABLE_STRICT_OBJC_MSGSEND = YES;
				GCC_C_LANGUAGE_STANDARD = gnu11;
				GCC_NO_COMMON_BLOCKS = YES;
				GCC_WARN_64_TO_32_BIT_CONVERSION = YES;
				GCC_WARN_ABOUT_RETURN_TYPE = YES_ERROR;
				GCC_WARN_UNDECLARED_SELECTOR = YES;
				GCC_WARN_UNINITIALIZED_AUTOS = YES_AGGRESSIVE;
				GCC_WARN_UNUSED_FUNCTION = YES;
				GCC_WARN_UNUSED_VARIABLE = YES;
				IPHONEOS_DEPLOYMENT_TARGET = 10.0;
				MTL_ENABLE_DEBUG_INFO = NO;
				MTL_FAST_MATH = YES;
				SDKROOT = iphoneos;
				SWIFT_COMPILATION_MODE = wholemodule;
				SWIFT_OPTIMIZATION_LEVEL = "-O";
				VALIDATE_PRODUCT = YES;
			};
			name = Release;
		};
		675B47EF2593DF85006B1888 /* Debug */ = {
			isa = XCBuildConfiguration;
			baseConfigurationReference = E7B30C59909BD742A340174C /* Pods-luckyApp.debug.xcconfig */;
			buildSettings = {
				ASSETCATALOG_COMPILER_APPICON_NAME = AppIcon;
				ASSETCATALOG_COMPILER_GLOBAL_ACCENT_COLOR_NAME = AccentColor;
				CODE_SIGN_STYLE = Automatic;
				INFOPLIST_FILE = luckyApp/Resources/Info/Info.plist;
				IPHONEOS_DEPLOYMENT_TARGET = 10.0;
				LD_RUNPATH_SEARCH_PATHS = (
					"$(inherited)",
					"@executable_path/Frameworks",
				);
				PRODUCT_BUNDLE_IDENTIFIER = com.lucky.app;
				PRODUCT_NAME = "$(TARGET_NAME)";
				SWIFT_VERSION = 5.0;
				TARGETED_DEVICE_FAMILY = "1,2";
			};
			name = Debug;
		};
		675B47F02593DF85006B1888 /* Release */ = {
			isa = XCBuildConfiguration;
			baseConfigurationReference = 38C3C4F7AC9B92F094301F0D /* Pods-luckyApp.release.xcconfig */;
			buildSettings = {
				ASSETCATALOG_COMPILER_APPICON_NAME = AppIcon;
				ASSETCATALOG_COMPILER_GLOBAL_ACCENT_COLOR_NAME = AccentColor;
				CODE_SIGN_STYLE = Automatic;
				INFOPLIST_FILE = luckyApp/Resources/Info/Info.plist;
				IPHONEOS_DEPLOYMENT_TARGET = 10.0;
				LD_RUNPATH_SEARCH_PATHS = (
					"$(inherited)",
					"@executable_path/Frameworks",
				);
				PRODUCT_BUNDLE_IDENTIFIER = com.lucky.app;
				PRODUCT_NAME = "$(TARGET_NAME)";
				SWIFT_VERSION = 5.0;
				TARGETED_DEVICE_FAMILY = "1,2";
			};
			name = Release;
		};
		675B47F22593DF85006B1888 /* Debug */ = {
			isa = XCBuildConfiguration;
			buildSettings = {
				ALWAYS_EMBED_SWIFT_STANDARD_LIBRARIES = YES;
				BUNDLE_LOADER = "$(TEST_HOST)";
				CODE_SIGN_STYLE = Automatic;
				INFOPLIST_FILE = luckyAppTests/Info.plist;
				IPHONEOS_DEPLOYMENT_TARGET = 14.2;
				LD_RUNPATH_SEARCH_PATHS = (
					"$(inherited)",
					"@executable_path/Frameworks",
					"@loader_path/Frameworks",
				);
				PRODUCT_BUNDLE_IDENTIFIER = com.test.luckyAppTests;
				PRODUCT_NAME = "$(TARGET_NAME)";
				SWIFT_VERSION = 5.0;
				TARGETED_DEVICE_FAMILY = "1,2";
				TEST_HOST = "$(BUILT_PRODUCTS_DIR)/luckyApp.app/luckyApp";
			};
			name = Debug;
		};
		675B47F32593DF85006B1888 /* Release */ = {
			isa = XCBuildConfiguration;
			buildSettings = {
				ALWAYS_EMBED_SWIFT_STANDARD_LIBRARIES = YES;
				BUNDLE_LOADER = "$(TEST_HOST)";
				CODE_SIGN_STYLE = Automatic;
				INFOPLIST_FILE = luckyAppTests/Info.plist;
				IPHONEOS_DEPLOYMENT_TARGET = 14.2;
				LD_RUNPATH_SEARCH_PATHS = (
					"$(inherited)",
					"@executable_path/Frameworks",
					"@loader_path/Frameworks",
				);
				PRODUCT_BUNDLE_IDENTIFIER = com.test.luckyAppTests;
				PRODUCT_NAME = "$(TARGET_NAME)";
				SWIFT_VERSION = 5.0;
				TARGETED_DEVICE_FAMILY = "1,2";
				TEST_HOST = "$(BUILT_PRODUCTS_DIR)/luckyApp.app/luckyApp";
			};
			name = Release;
		};
		675B47F52593DF85006B1888 /* Debug */ = {
			isa = XCBuildConfiguration;
			buildSettings = {
				ALWAYS_EMBED_SWIFT_STANDARD_LIBRARIES = YES;
				CODE_SIGN_STYLE = Automatic;
				INFOPLIST_FILE = luckyAppUITests/Info.plist;
				LD_RUNPATH_SEARCH_PATHS = (
					"$(inherited)",
					"@executable_path/Frameworks",
					"@loader_path/Frameworks",
				);
				PRODUCT_BUNDLE_IDENTIFIER = com.test.luckyAppUITests;
				PRODUCT_NAME = "$(TARGET_NAME)";
				SWIFT_VERSION = 5.0;
				TARGETED_DEVICE_FAMILY = "1,2";
				TEST_TARGET_NAME = luckyApp;
			};
			name = Debug;
		};
		675B47F62593DF85006B1888 /* Release */ = {
			isa = XCBuildConfiguration;
			buildSettings = {
				ALWAYS_EMBED_SWIFT_STANDARD_LIBRARIES = YES;
				CODE_SIGN_STYLE = Automatic;
				INFOPLIST_FILE = luckyAppUITests/Info.plist;
				LD_RUNPATH_SEARCH_PATHS = (
					"$(inherited)",
					"@executable_path/Frameworks",
					"@loader_path/Frameworks",
				);
				PRODUCT_BUNDLE_IDENTIFIER = com.test.luckyAppUITests;
				PRODUCT_NAME = "$(TARGET_NAME)";
				SWIFT_VERSION = 5.0;
				TARGETED_DEVICE_FAMILY = "1,2";
				TEST_TARGET_NAME = luckyApp;
			};
			name = Release;
		};
/* End XCBuildConfiguration section */

/* Begin XCConfigurationList section */
		675B47BF2593DF83006B1888 /* Build configuration list for PBXProject "luckyApp" */ = {
			isa = XCConfigurationList;
			buildConfigurations = (
				675B47EC2593DF85006B1888 /* Debug */,
				675B47ED2593DF85006B1888 /* Release */,
			);
			defaultConfigurationIsVisible = 0;
			defaultConfigurationName = Release;
		};
		675B47EE2593DF85006B1888 /* Build configuration list for PBXNativeTarget "luckyApp" */ = {
			isa = XCConfigurationList;
			buildConfigurations = (
				675B47EF2593DF85006B1888 /* Debug */,
				675B47F02593DF85006B1888 /* Release */,
			);
			defaultConfigurationIsVisible = 0;
			defaultConfigurationName = Release;
		};
		675B47F12593DF85006B1888 /* Build configuration list for PBXNativeTarget "luckyAppTests" */ = {
			isa = XCConfigurationList;
			buildConfigurations = (
				675B47F22593DF85006B1888 /* Debug */,
				675B47F32593DF85006B1888 /* Release */,
			);
			defaultConfigurationIsVisible = 0;
			defaultConfigurationName = Release;
		};
		675B47F42593DF85006B1888 /* Build configuration list for PBXNativeTarget "luckyAppUITests" */ = {
			isa = XCConfigurationList;
			buildConfigurations = (
				675B47F52593DF85006B1888 /* Debug */,
				675B47F62593DF85006B1888 /* Release */,
			);
			defaultConfigurationIsVisible = 0;
			defaultConfigurationName = Release;
		};
/* End XCConfigurationList section */
	};
	rootObject = 675B47BC2593DF83006B1888 /* Project object */;
}
